
Microsoft Visual Studio Solution File, Format Version 12.00
# Visual Studio Version 17
VisualStudioVersion = 17.0.32112.339
MinimumVisualStudioVersion = 10.0.40219.1
Project("{FAE04EC0-301F-11D3-BF4B-00C04F79EFBC}") = "BasicProgram", "BasicProgram.csproj", "{CDACA5EB-4741-452E-AC68-42007BF37262}"
EndProject
Global
	GlobalSection(SolutionConfigurationPlatforms) = preSolution
		Debug|Any CPU = Debug|Any CPU
		Release|Any CPU = Release|Any CPU
	EndGlobalSection
	GlobalSection(ProjectConfigurationPlatforms) = postSolution
		{CDACA5EB-4741-452E-AC68-42007BF37262}.Debug|Any CPU.ActiveCfg = Debug|Any CPU
		{CDACA5EB-4741-452E-AC68-42007BF37262}.Debug|Any CPU.Build.0 = Debug|Any CPU
		{CDACA5EB-4741-452E-AC68-42007BF37262}.Release|Any CPU.ActiveCfg = Release|Any CPU
		{CDACA5EB-4741-452E-AC68-42007BF37262}.Release|Any CPU.Build.0 = Release|Any CPU
	EndGlobalSection
	GlobalSection(SolutionProperties) = preSolution
		HideSolutionNode = FALSE
	EndGlobalSection
	GlobalSection(ExtensibilityGlobals) = postSolution
		SolutionGuid = {D04F7EDC-CF62-4306-845F-7DC2933C125C}
	EndGlobalSection
EndGlobal
